// !$*UTF8*$!
{
	archiveVersion = 1;
	classes = {
	};
	objectVersion = 50;
	objects = {

/* Begin PBXBuildFile section */
		BE3BB05223BD0D11004C28F4 /* AppDelegate.swift in Sources */ = {isa = PBXBuildFile; fileRef = BE3BB05123BD0D11004C28F4 /* AppDelegate.swift */; };
		BE3BB05623BD0D11004C28F4 /* LoginViewController.swift in Sources */ = {isa = PBXBuildFile; fileRef = BE3BB05523BD0D11004C28F4 /* LoginViewController.swift */; };
		BE3BB05923BD0D11004C28F4 /* Main.storyboard in Resources */ = {isa = PBXBuildFile; fileRef = BE3BB05723BD0D11004C28F4 /* Main.storyboard */; };
		BE3BB05B23BD0D12004C28F4 /* Assets.xcassets in Resources */ = {isa = PBXBuildFile; fileRef = BE3BB05A23BD0D12004C28F4 /* Assets.xcassets */; };
		BE3BB05E23BD0D12004C28F4 /* LaunchScreen.storyboard in Resources */ = {isa = PBXBuildFile; fileRef = BE3BB05C23BD0D12004C28F4 /* LaunchScreen.storyboard */; };
		BE3BB06923BD0D12004C28F4 /* Mckinleyrice_DemoTests.swift in Sources */ = {isa = PBXBuildFile; fileRef = BE3BB06823BD0D12004C28F4 /* Mckinleyrice_DemoTests.swift */; };
		BE77A8BE23BE5C5400DD15B9 /* LoginRequest.swift in Sources */ = {isa = PBXBuildFile; fileRef = BE77A8BD23BE5C5400DD15B9 /* LoginRequest.swift */; };
		BE77A8C323BE605900DD15B9 /* UserEntity.swift in Sources */ = {isa = PBXBuildFile; fileRef = BE77A8C223BE605900DD15B9 /* UserEntity.swift */; };
		BE78FEC223C072490064C82A /* WebViewController.swift in Sources */ = {isa = PBXBuildFile; fileRef = BE78FEC123C072490064C82A /* WebViewController.swift */; };
/* End PBXBuildFile section */

/* Begin PBXContainerItemProxy section */
		BE3BB06523BD0D12004C28F4 /* PBXContainerItemProxy */ = {
			isa = PBXContainerItemProxy;
			containerPortal = BE3BB04623BD0D11004C28F4 /* Project object */;
			proxyType = 1;
			remoteGlobalIDString = BE3BB04D23BD0D11004C28F4;
			remoteInfo = "Mckinleyrice Demo";
		};
/* End PBXContainerItemProxy section */

/* Begin PBXFileReference section */
		BE3BB04E23BD0D11004C28F4 /* Mckinleyrice Demo.app */ = {isa = PBXFileReference; explicitFileType = wrapper.application; includeInIndex = 0; path = "Mckinleyrice Demo.app"; sourceTree = BUILT_PRODUCTS_DIR; };
		BE3BB05123BD0D11004C28F4 /* AppDelegate.swift */ = {isa = PBXFileReference; lastKnownFileType = sourcecode.swift; path = AppDelegate.swift; sourceTree = "<group>"; };
		BE3BB05523BD0D11004C28F4 /* LoginViewController.swift */ = {isa = PBXFileReference; lastKnownFileType = sourcecode.swift; path = LoginViewController.swift; sourceTree = "<group>"; };
		BE3BB05823BD0D11004C28F4 /* Base */ = {isa = PBXFileReference; lastKnownFileType = file.storyboard; name = Base; path = Base.lproj/Main.storyboard; sourceTree = "<group>"; };
		BE3BB05A23BD0D12004C28F4 /* Assets.xcassets */ = {isa = PBXFileReference; lastKnownFileType = folder.assetcatalog; path = Assets.xcassets; sourceTree = "<group>"; };
		BE3BB05D23BD0D12004C28F4 /* Base */ = {isa = PBXFileReference; lastKnownFileType = file.storyboard; name = Base; path = Base.lproj/LaunchScreen.storyboard; sourceTree = "<group>"; };
		BE3BB05F23BD0D12004C28F4 /* Info.plist */ = {isa = PBXFileReference; lastKnownFileType = text.plist.xml; path = Info.plist; sourceTree = "<group>"; };
		BE3BB06423BD0D12004C28F4 /* Mckinleyrice DemoTests.xctest */ = {isa = PBXFileReference; explicitFileType = wrapper.cfbundle; includeInIndex = 0; path = "Mckinleyrice DemoTests.xctest"; sourceTree = BUILT_PRODUCTS_DIR; };
		BE3BB06823BD0D12004C28F4 /* Mckinleyrice_DemoTests.swift */ = {isa = PBXFileReference; lastKnownFileType = sourcecode.swift; path = Mckinleyrice_DemoTests.swift; sourceTree = "<group>"; };
		BE3BB06A23BD0D12004C28F4 /* Info.plist */ = {isa = PBXFileReference; lastKnownFileType = text.plist.xml; path = Info.plist; sourceTree = "<group>"; };
		BE77A8BD23BE5C5400DD15B9 /* LoginRequest.swift */ = {isa = PBXFileReference; fileEncoding = 4; lastKnownFileType = sourcecode.swift; path = LoginRequest.swift; sourceTree = "<group>"; };
		BE77A8C223BE605900DD15B9 /* UserEntity.swift */ = {isa = PBXFileReference; fileEncoding = 4; lastKnownFileType = sourcecode.swift; path = UserEntity.swift; sourceTree = "<group>"; };
		BE78FEC123C072490064C82A /* WebViewController.swift */ = {isa = PBXFileReference; fileEncoding = 4; lastKnownFileType = sourcecode.swift; path = WebViewController.swift; sourceTree = "<group>"; };
/* End PBXFileReference section */

/* Begin PBXFrameworksBuildPhase section */
		BE3BB04B23BD0D11004C28F4 /* Frameworks */ = {
			isa = PBXFrameworksBuildPhase;
			buildActionMask = 2147483647;
			files = (
			);
			runOnlyForDeploymentPostprocessing = 0;
		};
		BE3BB06123BD0D12004C28F4 /* Frameworks */ = {
			isa = PBXFrameworksBuildPhase;
			buildActionMask = 2147483647;
			files = (
			);
			runOnlyForDeploymentPostprocessing = 0;
		};
/* End PBXFrameworksBuildPhase section */

/* Begin PBXGroup section */
		BE3BB04523BD0D11004C28F4 = {
			isa = PBXGroup;
			children = (
				BE3BB05023BD0D11004C28F4 /* Mckinleyrice Demo */,
				BE3BB06723BD0D12004C28F4 /* Mckinleyrice DemoTests */,
				BE3BB04F23BD0D11004C28F4 /* Products */,
			);
			sourceTree = "<group>";
		};
		BE3BB04F23BD0D11004C28F4 /* Products */ = {
			isa = PBXGroup;
			children = (
				BE3BB04E23BD0D11004C28F4 /* Mckinleyrice Demo.app */,
				BE3BB06423BD0D12004C28F4 /* Mckinleyrice DemoTests.xctest */,
			);
			name = Products;
			sourceTree = "<group>";
		};
		BE3BB05023BD0D11004C28F4 /* Mckinleyrice Demo */ = {
			isa = PBXGroup;
			children = (
				BE3BB05123BD0D11004C28F4 /* AppDelegate.swift */,
				BE3BB05523BD0D11004C28F4 /* LoginViewController.swift */,
				BE78FEC123C072490064C82A /* WebViewController.swift */,
				BE77A8C123BE5F8100DD15B9 /* Model */,
				BE77A8BC23BE5C4000DD15B9 /* Request */,
				BE3BB05723BD0D11004C28F4 /* Main.storyboard */,
				BE3BB05A23BD0D12004C28F4 /* Assets.xcassets */,
				BE3BB05C23BD0D12004C28F4 /* LaunchScreen.storyboard */,
				BE3BB05F23BD0D12004C28F4 /* Info.plist */,
			);
			path = "Mckinleyrice Demo";
			sourceTree = "<group>";
		};
		BE3BB06723BD0D12004C28F4 /* Mckinleyrice DemoTests */ = {
			isa = PBXGroup;
			children = (
				BE3BB06823BD0D12004C28F4 /* Mckinleyrice_DemoTests.swift */,
				BE3BB06A23BD0D12004C28F4 /* Info.plist */,
			);
			path = "Mckinleyrice DemoTests";
			sourceTree = "<group>";
		};
		BE77A8BC23BE5C4000DD15B9 /* Request */ = {
			isa = PBXGroup;
			children = (
				BE77A8BD23BE5C5400DD15B9 /* LoginRequest.swift */,
			);
			path = Request;
			sourceTree = "<group>";
		};
		BE77A8C123BE5F8100DD15B9 /* Model */ = {
			isa = PBXGroup;
			children = (
				BE77A8C223BE605900DD15B9 /* UserEntity.swift */,
			);
			path = Model;
			sourceTree = "<group>";
		};
/* End PBXGroup section */

/* Begin PBXNativeTarget section */
		BE3BB04D23BD0D11004C28F4 /* Mckinleyrice Demo */ = {
			isa = PBXNativeTarget;
			buildConfigurationList = BE3BB06D23BD0D12004C28F4 /* Build configuration list for PBXNativeTarget "Mckinleyrice Demo" */;
			buildPhases = (
				BE3BB04A23BD0D11004C28F4 /* Sources */,
				BE3BB04B23BD0D11004C28F4 /* Frameworks */,
				BE3BB04C23BD0D11004C28F4 /* Resources */,
			);
			buildRules = (
			);
			dependencies = (
			);
			name = "Mckinleyrice Demo";
			productName = "Mckinleyrice Demo";
			productReference = BE3BB04E23BD0D11004C28F4 /* Mckinleyrice Demo.app */;
			productType = "com.apple.product-type.application";
		};
		BE3BB06323BD0D12004C28F4 /* Mckinleyrice DemoTests */ = {
			isa = PBXNativeTarget;
			buildConfigurationList = BE3BB07023BD0D12004C28F4 /* Build configuration list for PBXNativeTarget "Mckinleyrice DemoTests" */;
			buildPhases = (
				BE3BB06023BD0D12004C28F4 /* Sources */,
				BE3BB06123BD0D12004C28F4 /* Frameworks */,
				BE3BB06223BD0D12004C28F4 /* Resources */,
			);
			buildRules = (
			);
			dependencies = (
				BE3BB06623BD0D12004C28F4 /* PBXTargetDependency */,
			);
			name = "Mckinleyrice DemoTests";
			productName = "Mckinleyrice DemoTests";
			productReference = BE3BB06423BD0D12004C28F4 /* Mckinleyrice DemoTests.xctest */;
			productType = "com.apple.product-type.bundle.unit-test";
		};
/* End PBXNativeTarget section */

/* Begin PBXProject section */
		BE3BB04623BD0D11004C28F4 /* Project object */ = {
			isa = PBXProject;
			attributes = {
				LastSwiftUpdateCheck = 1100;
				LastUpgradeCheck = 1100;
				ORGANIZATIONNAME = "Dhanshree Nagre";
				TargetAttributes = {
					BE3BB04D23BD0D11004C28F4 = {
						CreatedOnToolsVersion = 11.0;
					};
					BE3BB06323BD0D12004C28F4 = {
						CreatedOnToolsVersion = 11.0;
						TestTargetID = BE3BB04D23BD0D11004C28F4;
					};
				};
			};
			buildConfigurationList = BE3BB04923BD0D11004C28F4 /* Build configuration list for PBXProject "Mckinleyrice Demo" */;
			compatibilityVersion = "Xcode 9.3";
			developmentRegion = en;
			hasScannedForEncodings = 0;
			knownRegions = (
				en,
				Base,
			);
			mainGroup = BE3BB04523BD0D11004C28F4;
			productRefGroup = BE3BB04F23BD0D11004C28F4 /* Products */;
			projectDirPath = "";
			projectRoot = "";
			targets = (
				BE3BB04D23BD0D11004C28F4 /* Mckinleyrice Demo */,
				BE3BB06323BD0D12004C28F4 /* Mckinleyrice DemoTests */,
			);
		};
/* End PBXProject section */

/* Begin PBXResourcesBuildPhase section */
		BE3BB04C23BD0D11004C28F4 /* Resources */ = {
			isa = PBXResourcesBuildPhase;
			buildActionMask = 2147483647;
			files = (
				BE3BB05E23BD0D12004C28F4 /* LaunchScreen.storyboard in Resources */,
				BE3BB05B23BD0D12004C28F4 /* Assets.xcassets in Resources */,
				BE3BB05923BD0D11004C28F4 /* Main.storyboard in Resources */,
			);
			runOnlyForDeploymentPostprocessing = 0;
		};
		BE3BB06223BD0D12004C28F4 /* Resources */ = {
			isa = PBXResourcesBuildPhase;
			buildActionMask = 2147483647;
			files = (
			);
			runOnlyForDeploymentPostprocessing = 0;
		};
/* End PBXResourcesBuildPhase section */

/* Begin PBXSourcesBuildPhase section */
		BE3BB04A23BD0D11004C28F4 /* Sources */ = {
			isa = PBXSourcesBuildPhase;
			buildActionMask = 2147483647;
			files = (
				BE3BB05623BD0D11004C28F4 /* LoginViewController.swift in Sources */,
				BE78FEC223C072490064C82A /* WebViewController.swift in Sources */,
				BE3BB05223BD0D11004C28F4 /* AppDelegate.swift in Sources */,
				BE77A8C323BE605900DD15B9 /* UserEntity.swift in Sources */,
				BE77A8BE23BE5C5400DD15B9 /* LoginRequest.swift in Sources */,
			);
			runOnlyForDeploymentPostprocessing = 0;
		};
		BE3BB06023BD0D12004C28F4 /* Sources */ = {
			isa = PBXSourcesBuildPhase;
			buildActionMask = 2147483647;
			files = (
				BE3BB06923BD0D12004C28F4 /* Mckinleyrice_DemoTests.swift in Sources */,
			);
			runOnlyForDeploymentPostprocessing = 0;
		};
/* End PBXSourcesBuildPhase section */

/* Begin PBXTargetDependency section */
		BE3BB06623BD0D12004C28F4 /* PBXTargetDependency */ = {
			isa = PBXTargetDependency;
			target = BE3BB04D23BD0D11004C28F4 /* Mckinleyrice Demo */;
			targetProxy = BE3BB06523BD0D12004C28F4 /* PBXContainerItemProxy */;
		};
/* End PBXTargetDependency section */

/* Begin PBXVariantGroup section */
		BE3BB05723BD0D11004C28F4 /* Main.storyboard */ = {
			isa = PBXVariantGroup;
			children = (
				BE3BB05823BD0D11004C28F4 /* Base */,
			);
			name = Main.storyboard;
			sourceTree = "<group>";
		};
		BE3BB05C23BD0D12004C28F4 /* LaunchScreen.storyboard */ = {
			isa = PBXVariantGroup;
			children = (
				BE3BB05D23BD0D12004C28F4 /* Base */,
			);
			name = LaunchScreen.storyboard;
			sourceTree = "<group>";
		};
/* End PBXVariantGroup section */

/* Begin XCBuildConfiguration section */
		BE3BB06B23BD0D12004C28F4 /* Debug */ = {
			isa = XCBuildConfiguration;
			buildSettings = {
				ALWAYS_SEARCH_USER_PATHS = NO;
				CLANG_ANALYZER_NONNULL = YES;
				CLANG_ANALYZER_NUMBER_OBJECT_CONVERSION = YES_AGGRESSIVE;
				CLANG_CXX_LANGUAGE_STANDARD = "gnu++14";
				CLANG_CXX_LIBRARY = "libc++";
				CLANG_ENABLE_MODULES = YES;
				CLANG_ENABLE_OBJC_ARC = YES;
				CLANG_ENABLE_OBJC_WEAK = YES;
				CLANG_WARN_BLOCK_CAPTURE_AUTORELEASING = YES;
				CLANG_WARN_BOOL_CONVERSION = YES;
				CLANG_WARN_COMMA = YES;
				CLANG_WARN_CONSTANT_CONVERSION = YES;
				CLANG_WARN_DEPRECATED_OBJC_IMPLEMENTATIONS = YES;
				CLANG_WARN_DIRECT_OBJC_ISA_USAGE = YES_ERROR;
				CLANG_WARN_DOCUMENTATION_COMMENTS = YES;
				CLANG_WARN_EMPTY_BODY = YES;
				CLANG_WARN_ENUM_CONVERSION = YES;
				CLANG_WARN_INFINITE_RECURSION = YES;
				CLANG_WARN_INT_CONVERSION = YES;
				CLANG_WARN_NON_LITERAL_NULL_CONVERSION = YES;
				CLANG_WARN_OBJC_IMPLICIT_RETAIN_SELF = YES;
				CLANG_WARN_OBJC_LITERAL_CONVERSION = YES;
				CLANG_WARN_OBJC_ROOT_CLASS = YES_ERROR;
				CLANG_WARN_RANGE_LOOP_ANALYSIS = YES;
				CLANG_WARN_STRICT_PROTOTYPES = YES;
				CLANG_WARN_SUSPICIOUS_MOVE = YES;
				CLANG_WARN_UNGUARDED_AVAILABILITY = YES_AGGRESSIVE;
				CLANG_WARN_UNREACHABLE_CODE = YES;
				CLANG_WARN__DUPLICATE_METHOD_MATCH = YES;
				COPY_PHASE_STRIP = NO;
				DEBUG_INFORMATION_FORMAT = dwarf;
				ENABLE_STRICT_OBJC_MSGSEND = YES;
				ENABLE_TESTABILITY = YES;
				GCC_C_LANGUAGE_STANDARD = gnu11;
				GCC_DYNAMIC_NO_PIC = NO;
				GCC_NO_COMMON_BLOCKS = YES;
				GCC_OPTIMIZATION_LEVEL = 0;
				GCC_PREPROCESSOR_DEFINITIONS = (
					"DEBUG=1",
					"$(inherited)",
				);
				GCC_WARN_64_TO_32_BIT_CONVERSION = YES;
				GCC_WARN_ABOUT_RETURN_TYPE = YES_ERROR;
				GCC_WARN_UNDECLARED_SELECTOR = YES;
				GCC_WARN_UNINITIALIZED_AUTOS = YES_AGGRESSIVE;
				GCC_WARN_UNUSED_FUNCTION = YES;
				GCC_WARN_UNUSED_VARIABLE = YES;
				IPHONEOS_DEPLOYMENT_TARGET = 13.0;
				MTL_ENABLE_DEBUG_INFO = INCLUDE_SOURCE;
				MTL_FAST_MATH = YES;
				ONLY_ACTIVE_ARCH = YES;
				SDKROOT = iphoneos;
				SWIFT_ACTIVE_COMPILATION_CONDITIONS = DEBUG;
				SWIFT_OPTIMIZATION_LEVEL = "-Onone";
			};
			name = Debug;
		};
		BE3BB06C23BD0D12004C28F4 /* Release */ = {
			isa = XCBuildConfiguration;
			buildSettings = {
				ALWAYS_SEARCH_USER_PATHS = NO;
				CLANG_ANALYZER_NONNULL = YES;
				CLANG_ANALYZER_NUMBER_OBJECT_CONVERSION = YES_AGGRESSIVE;
				CLANG_CXX_LANGUAGE_STANDARD = "gnu++14";
				CLANG_CXX_LIBRARY = "libc++";
				CLANG_ENABLE_MODULES = YES;
				CLANG_ENABLE_OBJC_ARC = YES;
				CLANG_ENABLE_OBJC_WEAK = YES;
				CLANG_WARN_BLOCK_CAPTURE_AUTORELEASING = YES;
				CLANG_WARN_BOOL_CONVERSION = YES;
				CLANG_WARN_COMMA = YES;
				CLANG_WARN_CONSTANT_CONVERSION = YES;
				CLANG_WARN_DEPRECATED_OBJC_IMPLEMENTATIONS = YES;
				CLANG_WARN_DIRECT_OBJC_ISA_USAGE = YES_ERROR;
				CLANG_WARN_DOCUMENTATION_COMMENTS = YES;
				CLANG_WARN_EMPTY_BODY = YES;
				CLANG_WARN_ENUM_CONVERSION = YES;
				CLANG_WARN_INFINITE_RECURSION = YES;
				CLANG_WARN_INT_CONVERSION = YES;
				CLANG_WARN_NON_LITERAL_NULL_CONVERSION = YES;
				CLANG_WARN_OBJC_IMPLICIT_RETAIN_SELF = YES;
				CLANG_WARN_OBJC_LITERAL_CONVERSION = YES;
				CLANG_WARN_OBJC_ROOT_CLASS = YES_ERROR;
				CLANG_WARN_RANGE_LOOP_ANALYSIS = YES;
				CLANG_WARN_STRICT_PROTOTYPES = YES;
				CLANG_WARN_SUSPICIOUS_MOVE = YES;
				CLANG_WARN_UNGUARDED_AVAILABILITY = YES_AGGRESSIVE;
				CLANG_WARN_UNREACHABLE_CODE = YES;
				CLANG_WARN__DUPLICATE_METHOD_MATCH = YES;
				COPY_PHASE_STRIP = NO;
				DEBUG_INFORMATION_FORMAT = "dwarf-with-dsym";
				ENABLE_NS_ASSERTIONS = NO;
				ENABLE_STRICT_OBJC_MSGSEND = YES;
				GCC_C_LANGUAGE_STANDARD = gnu11;
				GCC_NO_COMMON_BLOCKS = YES;
				GCC_WARN_64_TO_32_BIT_CONVERSION = YES;
				GCC_WARN_ABOUT_RETURN_TYPE = YES_ERROR;
				GCC_WARN_UNDECLARED_SELECTOR = YES;
				GCC_WARN_UNINITIALIZED_AUTOS = YES_AGGRESSIVE;
				GCC_WARN_UNUSED_FUNCTION = YES;
				GCC_WARN_UNUSED_VARIABLE = YES;
				IPHONEOS_DEPLOYMENT_TARGET = 13.0;
				MTL_ENABLE_DEBUG_INFO = NO;
				MTL_FAST_MATH = YES;
				SDKROOT = iphoneos;
				SWIFT_COMPILATION_MODE = wholemodule;
				SWIFT_OPTIMIZATION_LEVEL = "-O";
				VALIDATE_PRODUCT = YES;
			};
			name = Release;
		};
		BE3BB06E23BD0D12004C28F4 /* Debug */ = {
			isa = XCBuildConfiguration;
			buildSettings = {
				ASSETCATALOG_COMPILER_APPICON_NAME = AppIcon;
				CODE_SIGN_STYLE = Automatic;
				INFOPLIST_FILE = "Mckinleyrice Demo/Info.plist";
				LD_RUNPATH_SEARCH_PATHS = (
					"$(inherited)",
					"@executable_path/Frameworks",
				);
				PRODUCT_BUNDLE_IDENTIFIER = "com.dhanshree.Mckinleyrice-Demo";
				PRODUCT_NAME = "$(TARGET_NAME)";
				SWIFT_VERSION = 5.0;
				TARGETED_DEVICE_FAMILY = "1,2";
			};
			name = Debug;
		};
		BE3BB06F23BD0D12004C28F4 /* Release */ = {
			isa = XCBuildConfiguration;
			buildSettings = {
				ASSETCATALOG_COMPILER_APPICON_NAME = AppIcon;
				CODE_SIGN_STYLE = Automatic;
				INFOPLIST_FILE = "Mckinleyrice Demo/Info.plist";
				LD_RUNPATH_SEARCH_PATHS = (
					"$(inherited)",
					"@executable_path/Frameworks",
				);
				PRODUCT_BUNDLE_IDENTIFIER = "com.dhanshree.Mckinleyrice-Demo";
				PRODUCT_NAME = "$(TARGET_NAME)";
				SWIFT_VERSION = 5.0;
				TARGETED_DEVICE_FAMILY = "1,2";
			};
			name = Release;
		};
		BE3BB07123BD0D12004C28F4 /* Debug */ = {
			isa = XCBuildConfiguration;
			buildSettings = {
				ALWAYS_EMBED_SWIFT_STANDARD_LIBRARIES = YES;
				BUNDLE_LOADER = "$(TEST_HOST)";
				CODE_SIGN_STYLE = Automatic;
				INFOPLIST_FILE = "Mckinleyrice DemoTests/Info.plist";
				IPHONEOS_DEPLOYMENT_TARGET = 13.0;
				LD_RUNPATH_SEARCH_PATHS = (
					"$(inherited)",
					"@executable_path/Frameworks",
					"@loader_path/Frameworks",
				);
				PRODUCT_BUNDLE_IDENTIFIER = "com.dhanshree.Mckinleyrice-DemoTests";
				PRODUCT_NAME = "$(TARGET_NAME)";
				SWIFT_VERSION = 5.0;
				TARGETED_DEVICE_FAMILY = "1,2";
				TEST_HOST = "$(BUILT_PRODUCTS_DIR)/Mckinleyrice Demo.app/Mckinleyrice Demo";
			};
			name = Debug;
		};
		BE3BB07223BD0D12004C28F4 /* Release */ = {
			isa = XCBuildConfiguration;
			buildSettings = {
				ALWAYS_EMBED_SWIFT_STANDARD_LIBRARIES = YES;
				BUNDLE_LOADER = "$(TEST_HOST)";
				CODE_SIGN_STYLE = Automatic;
				INFOPLIST_FILE = "Mckinleyrice DemoTests/Info.plist";
				IPHONEOS_DEPLOYMENT_TARGET = 13.0;
				LD_RUNPATH_SEARCH_PATHS = (
					"$(inherited)",
					"@executable_path/Frameworks",
					"@loader_path/Frameworks",
				);
				PRODUCT_BUNDLE_IDENTIFIER = "com.dhanshree.Mckinleyrice-DemoTests";
				PRODUCT_NAME = "$(TARGET_NAME)";
				SWIFT_VERSION = 5.0;
				TARGETED_DEVICE_FAMILY = "1,2";
				TEST_HOST = "$(BUILT_PRODUCTS_DIR)/Mckinleyrice Demo.app/Mckinleyrice Demo";
			};
			name = Release;
		};
/* End XCBuildConfiguration section */

/* Begin XCConfigurationList section */
		BE3BB04923BD0D11004C28F4 /* Build configuration list for PBXProject "Mckinleyrice Demo" */ = {
			isa = XCConfigurationList;
			buildConfigurations = (
				BE3BB06B23BD0D12004C28F4 /* Debug */,
				BE3BB06C23BD0D12004C28F4 /* Release */,
			);
			defaultConfigurationIsVisible = 0;
			defaultConfigurationName = Release;
		};
		BE3BB06D23BD0D12004C28F4 /* Build configuration list for PBXNativeTarget "Mckinleyrice Demo" */ = {
			isa = XCConfigurationList;
			buildConfigurations = (
				BE3BB06E23BD0D12004C28F4 /* Debug */,
				BE3BB06F23BD0D12004C28F4 /* Release */,
			);
			defaultConfigurationIsVisible = 0;
			defaultConfigurationName = Release;
		};
		BE3BB07023BD0D12004C28F4 /* Build configuration list for PBXNativeTarget "Mckinleyrice DemoTests" */ = {
			isa = XCConfigurationList;
			buildConfigurations = (
				BE3BB07123BD0D12004C28F4 /* Debug */,
				BE3BB07223BD0D12004C28F4 /* Release */,
			);
			defaultConfigurationIsVisible = 0;
			defaultConfigurationName = Release;
		};
/* End XCConfigurationList section */
	};
	rootObject = BE3BB04623BD0D11004C28F4 /* Project object */;
}
